
Microsoft Visual Studio Solution File, Format Version 12.00
# Visual Studio Version 16
VisualStudioVersion = 16.0.31205.134
MinimumVisualStudioVersion = 10.0.40219.1
Project("{FAE04EC0-301F-11D3-BF4B-00C04F79EFBC}") = "connectstomp", "connectstomp\connectstomp.csproj", "{D63C81EA-CAA9-4D30-87FC-7B9745BFDEE5}"
EndProject
Global
	GlobalSection(SolutionConfigurationPlatforms) = preSolution
		Debug|Any CPU = Debug|Any CPU
		Release|Any CPU = Release|Any CPU
	EndGlobalSection
	GlobalSection(ProjectConfigurationPlatforms) = postSolution
		{D63C81EA-CAA9-4D30-87FC-7B9745BFDEE5}.Debug|Any CPU.ActiveCfg = Debug|Any CPU
		{D63C81EA-CAA9-4D30-87FC-7B9745BFDEE5}.Debug|Any CPU.Build.0 = Debug|Any CPU
		{D63C81EA-CAA9-4D30-87FC-7B9745BFDEE5}.Release|Any CPU.ActiveCfg = Release|Any CPU
		{D63C81EA-CAA9-4D30-87FC-7B9745BFDEE5}.Release|Any CPU.Build.0 = Release|Any CPU
	EndGlobalSection
	GlobalSection(SolutionProperties) = preSolution
		HideSolutionNode = FALSE
	EndGlobalSection
	GlobalSection(ExtensibilityGlobals) = postSolution
		SolutionGuid = {F1933459-0C5A-4F0A-9DC7-B27BCE6BEC04}
	EndGlobalSection
EndGlobal
